// !$*UTF8*$!
{
	archiveVersion = 1;
	classes = {
	};
	objectVersion = 46;
	objects = {

/* Begin PBXBuildFile section */
		69EB21928CD2422DA5D95697 /* libPods.a in Frameworks */ = {isa = PBXBuildFile; fileRef = 7338949FDB06E73B518FA53C /* libPods.a */; };
		8BE91F5B8CAB422CD2F4D3D5 /* libPods.a in Frameworks */ = {isa = PBXBuildFile; fileRef = 7338949FDB06E73B518FA53C /* libPods.a */; };
		D242ABD91ABED5B100D08C62 /* SPSweetRestTests.m in Sources */ = {isa = PBXBuildFile; fileRef = D242ABD81ABED5B100D08C62 /* SPSweetRestTests.m */; };
		D282EB2F1AB0DD510025F5C7 /* main.m in Sources */ = {isa = PBXBuildFile; fileRef = D282EB2E1AB0DD510025F5C7 /* main.m */; };
		D282EB321AB0DD510025F5C7 /* AppDelegate.m in Sources */ = {isa = PBXBuildFile; fileRef = D282EB311AB0DD510025F5C7 /* AppDelegate.m */; };
		D282EB351AB0DD510025F5C7 /* ViewController.m in Sources */ = {isa = PBXBuildFile; fileRef = D282EB341AB0DD510025F5C7 /* ViewController.m */; };
		D282EB381AB0DD510025F5C7 /* Main.storyboard in Resources */ = {isa = PBXBuildFile; fileRef = D282EB361AB0DD510025F5C7 /* Main.storyboard */; };
		D282EB3A1AB0DD510025F5C7 /* Images.xcassets in Resources */ = {isa = PBXBuildFile; fileRef = D282EB391AB0DD510025F5C7 /* Images.xcassets */; };
		D282EB3D1AB0DD520025F5C7 /* LaunchScreen.xib in Resources */ = {isa = PBXBuildFile; fileRef = D282EB3B1AB0DD520025F5C7 /* LaunchScreen.xib */; };
		D282EB491AB0DD520025F5C7 /* SweetRestExampleTests.m in Sources */ = {isa = PBXBuildFile; fileRef = D282EB481AB0DD520025F5C7 /* SweetRestExampleTests.m */; };
/* End PBXBuildFile section */

/* Begin PBXContainerItemProxy section */
		D282EB431AB0DD520025F5C7 /* PBXContainerItemProxy */ = {
			isa = PBXContainerItemProxy;
			containerPortal = D282EB211AB0DD510025F5C7 /* Project object */;
			proxyType = 1;
			remoteGlobalIDString = D282EB281AB0DD510025F5C7;
			remoteInfo = SweetRestExample;
		};
/* End PBXContainerItemProxy section */

/* Begin PBXFileReference section */
		139E43FE38931FAD7B2D7242 /* Pods.release.xcconfig */ = {isa = PBXFileReference; includeInIndex = 1; lastKnownFileType = text.xcconfig; name = Pods.release.xcconfig; path = "Pods/Target Support Files/Pods/Pods.release.xcconfig"; sourceTree = "<group>"; };
		68999F88E6BEDE929437CA1C /* Pods.debug.xcconfig */ = {isa = PBXFileReference; includeInIndex = 1; lastKnownFileType = text.xcconfig; name = Pods.debug.xcconfig; path = "Pods/Target Support Files/Pods/Pods.debug.xcconfig"; sourceTree = "<group>"; };
		7338949FDB06E73B518FA53C /* libPods.a */ = {isa = PBXFileReference; explicitFileType = archive.ar; includeInIndex = 0; path = libPods.a; sourceTree = BUILT_PRODUCTS_DIR; };
		D242ABD81ABED5B100D08C62 /* SPSweetRestTests.m */ = {isa = PBXFileReference; fileEncoding = 4; lastKnownFileType = sourcecode.c.objc; path = SPSweetRestTests.m; sourceTree = "<group>"; };
		D282EB291AB0DD510025F5C7 /* SweetRestExample.app */ = {isa = PBXFileReference; explicitFileType = wrapper.application; includeInIndex = 0; path = SweetRestExample.app; sourceTree = BUILT_PRODUCTS_DIR; };
		D282EB2D1AB0DD510025F5C7 /* Info.plist */ = {isa = PBXFileReference; lastKnownFileType = text.plist.xml; path = Info.plist; sourceTree = "<group>"; };
		D282EB2E1AB0DD510025F5C7 /* main.m */ = {isa = PBXFileReference; lastKnownFileType = sourcecode.c.objc; path = main.m; sourceTree = "<group>"; };
		D282EB301AB0DD510025F5C7 /* AppDelegate.h */ = {isa = PBXFileReference; lastKnownFileType = sourcecode.c.h; path = AppDelegate.h; sourceTree = "<group>"; };
		D282EB311AB0DD510025F5C7 /* AppDelegate.m */ = {isa = PBXFileReference; lastKnownFileType = sourcecode.c.objc; path = AppDelegate.m; sourceTree = "<group>"; };
		D282EB331AB0DD510025F5C7 /* ViewController.h */ = {isa = PBXFileReference; lastKnownFileType = sourcecode.c.h; path = ViewController.h; sourceTree = "<group>"; };
		D282EB341AB0DD510025F5C7 /* ViewController.m */ = {isa = PBXFileReference; lastKnownFileType = sourcecode.c.objc; path = ViewController.m; sourceTree = "<group>"; };
		D282EB371AB0DD510025F5C7 /* Base */ = {isa = PBXFileReference; lastKnownFileType = file.storyboard; name = Base; path = Base.lproj/Main.storyboard; sourceTree = "<group>"; };
		D282EB391AB0DD510025F5C7 /* Images.xcassets */ = {isa = PBXFileReference; lastKnownFileType = folder.assetcatalog; path = Images.xcassets; sourceTree = "<group>"; };
		D282EB3C1AB0DD520025F5C7 /* Base */ = {isa = PBXFileReference; lastKnownFileType = file.xib; name = Base; path = Base.lproj/LaunchScreen.xib; sourceTree = "<group>"; };
		D282EB421AB0DD520025F5C7 /* SweetRestExampleTests.xctest */ = {isa = PBXFileReference; explicitFileType = wrapper.cfbundle; includeInIndex = 0; path = SweetRestExampleTests.xctest; sourceTree = BUILT_PRODUCTS_DIR; };
		D282EB471AB0DD520025F5C7 /* Info.plist */ = {isa = PBXFileReference; lastKnownFileType = text.plist.xml; path = Info.plist; sourceTree = "<group>"; };
		D282EB481AB0DD520025F5C7 /* SweetRestExampleTests.m */ = {isa = PBXFileReference; lastKnownFileType = sourcecode.c.objc; path = SweetRestExampleTests.m; sourceTree = "<group>"; };
/* End PBXFileReference section */

/* Begin PBXFrameworksBuildPhase section */
		D282EB261AB0DD510025F5C7 /* Frameworks */ = {
			isa = PBXFrameworksBuildPhase;
			buildActionMask = 2147483647;
			files = (
				69EB21928CD2422DA5D95697 /* libPods.a in Frameworks */,
			);
			runOnlyForDeploymentPostprocessing = 0;
		};
		D282EB3F1AB0DD520025F5C7 /* Frameworks */ = {
			isa = PBXFrameworksBuildPhase;
			buildActionMask = 2147483647;
			files = (
				8BE91F5B8CAB422CD2F4D3D5 /* libPods.a in Frameworks */,
			);
			runOnlyForDeploymentPostprocessing = 0;
		};
/* End PBXFrameworksBuildPhase section */

/* Begin PBXGroup section */
		4A40CEBBED57A720A15D83E9 /* Frameworks */ = {
			isa = PBXGroup;
			children = (
				7338949FDB06E73B518FA53C /* libPods.a */,
			);
			name = Frameworks;
			sourceTree = "<group>";
		};
		CC69C5FFB3CDA29B7340A98A /* Pods */ = {
			isa = PBXGroup;
			children = (
				68999F88E6BEDE929437CA1C /* Pods.debug.xcconfig */,
				139E43FE38931FAD7B2D7242 /* Pods.release.xcconfig */,
			);
			name = Pods;
			sourceTree = "<group>";
		};
		D282EB201AB0DD510025F5C7 = {
			isa = PBXGroup;
			children = (
				D282EB2B1AB0DD510025F5C7 /* SweetRestExample */,
				D282EB451AB0DD520025F5C7 /* SweetRestExampleTests */,
				D282EB2A1AB0DD510025F5C7 /* Products */,
				CC69C5FFB3CDA29B7340A98A /* Pods */,
				4A40CEBBED57A720A15D83E9 /* Frameworks */,
			);
			sourceTree = "<group>";
		};
		D282EB2A1AB0DD510025F5C7 /* Products */ = {
			isa = PBXGroup;
			children = (
				D282EB291AB0DD510025F5C7 /* SweetRestExample.app */,
				D282EB421AB0DD520025F5C7 /* SweetRestExampleTests.xctest */,
			);
			name = Products;
			sourceTree = "<group>";
		};
		D282EB2B1AB0DD510025F5C7 /* SweetRestExample */ = {
			isa = PBXGroup;
			children = (
				D282EB301AB0DD510025F5C7 /* AppDelegate.h */,
				D282EB311AB0DD510025F5C7 /* AppDelegate.m */,
				D282EB331AB0DD510025F5C7 /* ViewController.h */,
				D282EB341AB0DD510025F5C7 /* ViewController.m */,
				D282EB361AB0DD510025F5C7 /* Main.storyboard */,
				D282EB391AB0DD510025F5C7 /* Images.xcassets */,
				D282EB3B1AB0DD520025F5C7 /* LaunchScreen.xib */,
				D282EB2C1AB0DD510025F5C7 /* Supporting Files */,
			);
			path = SweetRestExample;
			sourceTree = "<group>";
		};
		D282EB2C1AB0DD510025F5C7 /* Supporting Files */ = {
			isa = PBXGroup;
			children = (
				D282EB2D1AB0DD510025F5C7 /* Info.plist */,
				D282EB2E1AB0DD510025F5C7 /* main.m */,
			);
			name = "Supporting Files";
			sourceTree = "<group>";
		};
		D282EB451AB0DD520025F5C7 /* SweetRestExampleTests */ = {
			isa = PBXGroup;
			children = (
				D282EB481AB0DD520025F5C7 /* SweetRestExampleTests.m */,
				D242ABD81ABED5B100D08C62 /* SPSweetRestTests.m */,
				D282EB461AB0DD520025F5C7 /* Supporting Files */,
			);
			path = SweetRestExampleTests;
			sourceTree = "<group>";
		};
		D282EB461AB0DD520025F5C7 /* Supporting Files */ = {
			isa = PBXGroup;
			children = (
				D282EB471AB0DD520025F5C7 /* Info.plist */,
			);
			name = "Supporting Files";
			sourceTree = "<group>";
		};
/* End PBXGroup section */

/* Begin PBXNativeTarget section */
		D282EB281AB0DD510025F5C7 /* SweetRestExample */ = {
			isa = PBXNativeTarget;
			buildConfigurationList = D282EB4C1AB0DD520025F5C7 /* Build configuration list for PBXNativeTarget "SweetRestExample" */;
			buildPhases = (
				C326C2C8AD4FEBA590341AF6 /* Check Pods Manifest.lock */,
				D282EB251AB0DD510025F5C7 /* Sources */,
				D282EB261AB0DD510025F5C7 /* Frameworks */,
				D282EB271AB0DD510025F5C7 /* Resources */,
				C48029040DB775DF99609388 /* Copy Pods Resources */,
			);
			buildRules = (
			);
			dependencies = (
			);
			name = SweetRestExample;
			productName = SweetRestExample;
			productReference = D282EB291AB0DD510025F5C7 /* SweetRestExample.app */;
			productType = "com.apple.product-type.application";
		};
		D282EB411AB0DD520025F5C7 /* SweetRestExampleTests */ = {
			isa = PBXNativeTarget;
			buildConfigurationList = D282EB4F1AB0DD520025F5C7 /* Build configuration list for PBXNativeTarget "SweetRestExampleTests" */;
			buildPhases = (
				CF0937DAA2351EA89269C4A7 /* Check Pods Manifest.lock */,
				D282EB3E1AB0DD520025F5C7 /* Sources */,
				D282EB3F1AB0DD520025F5C7 /* Frameworks */,
				D282EB401AB0DD520025F5C7 /* Resources */,
				74B6DD6BF0657B502D1FA0A5 /* Copy Pods Resources */,
			);
			buildRules = (
			);
			dependencies = (
				D282EB441AB0DD520025F5C7 /* PBXTargetDependency */,
			);
			name = SweetRestExampleTests;
			productName = SweetRestExampleTests;
			productReference = D282EB421AB0DD520025F5C7 /* SweetRestExampleTests.xctest */;
			productType = "com.apple.product-type.bundle.unit-test";
		};
/* End PBXNativeTarget section */

/* Begin PBXProject section */
		D282EB211AB0DD510025F5C7 /* Project object */ = {
			isa = PBXProject;
			attributes = {
				CLASSPREFIX = SP;
				LastUpgradeCheck = 0610;
				ORGANIZATIONNAME = "Sergey Popov";
				TargetAttributes = {
					D282EB281AB0DD510025F5C7 = {
						CreatedOnToolsVersion = 6.1.1;
					};
					D282EB411AB0DD520025F5C7 = {
						CreatedOnToolsVersion = 6.1.1;
						TestTargetID = D282EB281AB0DD510025F5C7;
					};
				};
			};
			buildConfigurationList = D282EB241AB0DD510025F5C7 /* Build configuration list for PBXProject "SweetRestExample" */;
			compatibilityVersion = "Xcode 3.2";
			developmentRegion = English;
			hasScannedForEncodings = 0;
			knownRegions = (
				en,
				Base,
			);
			mainGroup = D282EB201AB0DD510025F5C7;
			productRefGroup = D282EB2A1AB0DD510025F5C7 /* Products */;
			projectDirPath = "";
			projectRoot = "";
			targets = (
				D282EB281AB0DD510025F5C7 /* SweetRestExample */,
				D282EB411AB0DD520025F5C7 /* SweetRestExampleTests */,
			);
		};
/* End PBXProject section */

/* Begin PBXResourcesBuildPhase section */
		D282EB271AB0DD510025F5C7 /* Resources */ = {
			isa = PBXResourcesBuildPhase;
			buildActionMask = 2147483647;
			files = (
				D282EB381AB0DD510025F5C7 /* Main.storyboard in Resources */,
				D282EB3D1AB0DD520025F5C7 /* LaunchScreen.xib in Resources */,
				D282EB3A1AB0DD510025F5C7 /* Images.xcassets in Resources */,
			);
			runOnlyForDeploymentPostprocessing = 0;
		};
		D282EB401AB0DD520025F5C7 /* Resources */ = {
			isa = PBXResourcesBuildPhase;
			buildActionMask = 2147483647;
			files = (
			);
			runOnlyForDeploymentPostprocessing = 0;
		};
/* End PBXResourcesBuildPhase section */

/* Begin PBXShellScriptBuildPhase section */
		74B6DD6BF0657B502D1FA0A5 /* Copy Pods Resources */ = {
			isa = PBXShellScriptBuildPhase;
			buildActionMask = 2147483647;
			files = (
			);
			inputPaths = (
			);
			name = "Copy Pods Resources";
			outputPaths = (
			);
			runOnlyForDeploymentPostprocessing = 0;
			shellPath = /bin/sh;
			shellScript = "\"${SRCROOT}/Pods/Target Support Files/Pods/Pods-resources.sh\"\n";
			showEnvVarsInLog = 0;
		};
		C326C2C8AD4FEBA590341AF6 /* Check Pods Manifest.lock */ = {
			isa = PBXShellScriptBuildPhase;
			buildActionMask = 2147483647;
			files = (
			);
			inputPaths = (
			);
			name = "Check Pods Manifest.lock";
			outputPaths = (
			);
			runOnlyForDeploymentPostprocessing = 0;
			shellPath = /bin/sh;
			shellScript = "diff \"${PODS_ROOT}/../Podfile.lock\" \"${PODS_ROOT}/Manifest.lock\" > /dev/null\nif [[ $? != 0 ]] ; then\n    cat << EOM\nerror: The sandbox is not in sync with the Podfile.lock. Run 'pod install' or update your CocoaPods installation.\nEOM\n    exit 1\nfi\n";
			showEnvVarsInLog = 0;
		};
		C48029040DB775DF99609388 /* Copy Pods Resources */ = {
			isa = PBXShellScriptBuildPhase;
			buildActionMask = 2147483647;
			files = (
			);
			inputPaths = (
			);
			name = "Copy Pods Resources";
			outputPaths = (
			);
			runOnlyForDeploymentPostprocessing = 0;
			shellPath = /bin/sh;
			shellScript = "\"${SRCROOT}/Pods/Target Support Files/Pods/Pods-resources.sh\"\n";
			showEnvVarsInLog = 0;
		};
		CF0937DAA2351EA89269C4A7 /* Check Pods Manifest.lock */ = {
			isa = PBXShellScriptBuildPhase;
			buildActionMask = 2147483647;
			files = (
			);
			inputPaths = (
			);
			name = "Check Pods Manifest.lock";
			outputPaths = (
			);
			runOnlyForDeploymentPostprocessing = 0;
			shellPath = /bin/sh;
			shellScript = "diff \"${PODS_ROOT}/../Podfile.lock\" \"${PODS_ROOT}/Manifest.lock\" > /dev/null\nif [[ $? != 0 ]] ; then\n    cat << EOM\nerror: The sandbox is not in sync with the Podfile.lock. Run 'pod install' or update your CocoaPods installation.\nEOM\n    exit 1\nfi\n";
			showEnvVarsInLog = 0;
		};
/* End PBXShellScriptBuildPhase section */

/* Begin PBXSourcesBuildPhase section */
		D282EB251AB0DD510025F5C7 /* Sources */ = {
			isa = PBXSourcesBuildPhase;
			buildActionMask = 2147483647;
			files = (
				D282EB351AB0DD510025F5C7 /* ViewController.m in Sources */,
				D282EB321AB0DD510025F5C7 /* AppDelegate.m in Sources */,
				D282EB2F1AB0DD510025F5C7 /* main.m in Sources */,
			);
			runOnlyForDeploymentPostprocessing = 0;
		};
		D282EB3E1AB0DD520025F5C7 /* Sources */ = {
			isa = PBXSourcesBuildPhase;
			buildActionMask = 2147483647;
			files = (
				D282EB491AB0DD520025F5C7 /* SweetRestExampleTests.m in Sources */,
				D242ABD91ABED5B100D08C62 /* SPSweetRestTests.m in Sources */,
			);
			runOnlyForDeploymentPostprocessing = 0;
		};
/* End PBXSourcesBuildPhase section */

/* Begin PBXTargetDependency section */
		D282EB441AB0DD520025F5C7 /* PBXTargetDependency */ = {
			isa = PBXTargetDependency;
			target = D282EB281AB0DD510025F5C7 /* SweetRestExample */;
			targetProxy = D282EB431AB0DD520025F5C7 /* PBXContainerItemProxy */;
		};
/* End PBXTargetDependency section */

/* Begin PBXVariantGroup section */
		D282EB361AB0DD510025F5C7 /* Main.storyboard */ = {
			isa = PBXVariantGroup;
			children = (
				D282EB371AB0DD510025F5C7 /* Base */,
			);
			name = Main.storyboard;
			sourceTree = "<group>";
		};
		D282EB3B1AB0DD520025F5C7 /* LaunchScreen.xib */ = {
			isa = PBXVariantGroup;
			children = (
				D282EB3C1AB0DD520025F5C7 /* Base */,
			);
			name = LaunchScreen.xib;
			sourceTree = "<group>";
		};
/* End PBXVariantGroup section */

/* Begin XCBuildConfiguration section */
		D282EB4A1AB0DD520025F5C7 /* Debug */ = {
			isa = XCBuildConfiguration;
			buildSettings = {
				ALWAYS_SEARCH_USER_PATHS = NO;
				CLANG_CXX_LANGUAGE_STANDARD = "gnu++0x";
				CLANG_CXX_LIBRARY = "libc++";
				CLANG_ENABLE_MODULES = YES;
				CLANG_ENABLE_OBJC_ARC = YES;
				CLANG_WARN_BOOL_CONVERSION = YES;
				CLANG_WARN_CONSTANT_CONVERSION = YES;
				CLANG_WARN_DIRECT_OBJC_ISA_USAGE = YES_ERROR;
				CLANG_WARN_EMPTY_BODY = YES;
				CLANG_WARN_ENUM_CONVERSION = YES;
				CLANG_WARN_INT_CONVERSION = YES;
				CLANG_WARN_OBJC_ROOT_CLASS = YES_ERROR;
				CLANG_WARN_UNREACHABLE_CODE = YES;
				CLANG_WARN__DUPLICATE_METHOD_MATCH = YES;
				"CODE_SIGN_IDENTITY[sdk=iphoneos*]" = "iPhone Developer";
				COPY_PHASE_STRIP = NO;
				ENABLE_STRICT_OBJC_MSGSEND = YES;
				GCC_C_LANGUAGE_STANDARD = gnu99;
				GCC_DYNAMIC_NO_PIC = NO;
				GCC_OPTIMIZATION_LEVEL = 0;
				GCC_PREPROCESSOR_DEFINITIONS = (
					"DEBUG=1",
					"$(inherited)",
				);
				GCC_SYMBOLS_PRIVATE_EXTERN = NO;
				GCC_WARN_64_TO_32_BIT_CONVERSION = YES;
				GCC_WARN_ABOUT_RETURN_TYPE = YES_ERROR;
				GCC_WARN_UNDECLARED_SELECTOR = YES;
				GCC_WARN_UNINITIALIZED_AUTOS = YES_AGGRESSIVE;
				GCC_WARN_UNUSED_FUNCTION = YES;
				GCC_WARN_UNUSED_VARIABLE = YES;
				IPHONEOS_DEPLOYMENT_TARGET = 8.1;
				MTL_ENABLE_DEBUG_INFO = YES;
				ONLY_ACTIVE_ARCH = YES;
				SDKROOT = iphoneos;
			};
			name = Debug;
		};
		D282EB4B1AB0DD520025F5C7 /* Release */ = {
			isa = XCBuildConfiguration;
			buildSettings = {
				ALWAYS_SEARCH_USER_PATHS = NO;
				CLANG_CXX_LANGUAGE_STANDARD = "gnu++0x";
				CLANG_CXX_LIBRARY = "libc++";
				CLANG_ENABLE_MODULES = YES;
				CLANG_ENABLE_OBJC_ARC = YES;
				CLANG_WARN_BOOL_CONVERSION = YES;
				CLANG_WARN_CONSTANT_CONVERSION = YES;
				CLANG_WARN_DIRECT_OBJC_ISA_USAGE = YES_ERROR;
				CLANG_WARN_EMPTY_BODY = YES;
				CLANG_WARN_ENUM_CONVERSION = YES;
				CLANG_WARN_INT_CONVERSION = YES;
				CLANG_WARN_OBJC_ROOT_CLASS = YES_ERROR;
				CLANG_WARN_UNREACHABLE_CODE = YES;
				CLANG_WARN__DUPLICATE_METHOD_MATCH = YES;
				"CODE_SIGN_IDENTITY[sdk=iphoneos*]" = "iPhone Developer";
				COPY_PHASE_STRIP = YES;
				ENABLE_NS_ASSERTIONS = NO;
				ENABLE_STRICT_OBJC_MSGSEND = YES;
				GCC_C_LANGUAGE_STANDARD = gnu99;
				GCC_WARN_64_TO_32_BIT_CONVERSION = YES;
				GCC_WARN_ABOUT_RETURN_TYPE = YES_ERROR;
				GCC_WARN_UNDECLARED_SELECTOR = YES;
				GCC_WARN_UNINITIALIZED_AUTOS = YES_AGGRESSIVE;
				GCC_WARN_UNUSED_FUNCTION = YES;
				GCC_WARN_UNUSED_VARIABLE = YES;
				IPHONEOS_DEPLOYMENT_TARGET = 8.1;
				MTL_ENABLE_DEBUG_INFO = NO;
				SDKROOT = iphoneos;
				VALIDATE_PRODUCT = YES;
			};
			name = Release;
		};
		D282EB4D1AB0DD520025F5C7 /* Debug */ = {
			isa = XCBuildConfiguration;
			baseConfigurationReference = 68999F88E6BEDE929437CA1C /* Pods.debug.xcconfig */;
			buildSettings = {
				ASSETCATALOG_COMPILER_APPICON_NAME = AppIcon;
				INFOPLIST_FILE = SweetRestExample/Info.plist;
				LD_RUNPATH_SEARCH_PATHS = "$(inherited) @executable_path/Frameworks";
				PRODUCT_NAME = "$(TARGET_NAME)";
			};
			name = Debug;
		};
		D282EB4E1AB0DD520025F5C7 /* Release */ = {
			isa = XCBuildConfiguration;
			baseConfigurationReference = 139E43FE38931FAD7B2D7242 /* Pods.release.xcconfig */;
			buildSettings = {
				ASSETCATALOG_COMPILER_APPICON_NAME = AppIcon;
				INFOPLIST_FILE = SweetRestExample/Info.plist;
				LD_RUNPATH_SEARCH_PATHS = "$(inherited) @executable_path/Frameworks";
				PRODUCT_NAME = "$(TARGET_NAME)";
			};
			name = Release;
		};
		D282EB501AB0DD520025F5C7 /* Debug */ = {
			isa = XCBuildConfiguration;
			baseConfigurationReference = 68999F88E6BEDE929437CA1C /* Pods.debug.xcconfig */;
			buildSettings = {
				BUNDLE_LOADER = "$(TEST_HOST)";
				FRAMEWORK_SEARCH_PATHS = (
					"$(SDKROOT)/Developer/Library/Frameworks",
					"$(inherited)",
				);
				GCC_PREPROCESSOR_DEFINITIONS = (
					"DEBUG=1",
					"$(inherited)",
				);
				INFOPLIST_FILE = SweetRestExampleTests/Info.plist;
				LD_RUNPATH_SEARCH_PATHS = "$(inherited) @executable_path/Frameworks @loader_path/Frameworks";
				PRODUCT_NAME = "$(TARGET_NAME)";
				TEST_HOST = "$(BUILT_PRODUCTS_DIR)/SweetRestExample.app/SweetRestExample";
			};
			name = Debug;
		};
		D282EB511AB0DD520025F5C7 /* Release */ = {
			isa = XCBuildConfiguration;
			baseConfigurationReference = 139E43FE38931FAD7B2D7242 /* Pods.release.xcconfig */;
			buildSettings = {
				BUNDLE_LOADER = "$(TEST_HOST)";
				FRAMEWORK_SEARCH_PATHS = (
					"$(SDKROOT)/Developer/Library/Frameworks",
					"$(inherited)",
				);
				INFOPLIST_FILE = SweetRestExampleTests/Info.plist;
				LD_RUNPATH_SEARCH_PATHS = "$(inherited) @executable_path/Frameworks @loader_path/Frameworks";
				PRODUCT_NAME = "$(TARGET_NAME)";
				TEST_HOST = "$(BUILT_PRODUCTS_DIR)/SweetRestExample.app/SweetRestExample";
			};
			name = Release;
		};
/* End XCBuildConfiguration section */

/* Begin XCConfigurationList section */
		D282EB241AB0DD510025F5C7 /* Build configuration list for PBXProject "SweetRestExample" */ = {
			isa = XCConfigurationList;
			buildConfigurations = (
				D282EB4A1AB0DD520025F5C7 /* Debug */,
				D282EB4B1AB0DD520025F5C7 /* Release */,
			);
			defaultConfigurationIsVisible = 0;
			defaultConfigurationName = Release;
		};
		D282EB4C1AB0DD520025F5C7 /* Build configuration list for PBXNativeTarget "SweetRestExample" */ = {
			isa = XCConfigurationList;
			buildConfigurations = (
				D282EB4D1AB0DD520025F5C7 /* Debug */,
				D282EB4E1AB0DD520025F5C7 /* Release */,
			);
			defaultConfigurationIsVisible = 0;
			defaultConfigurationName = Release;
		};
		D282EB4F1AB0DD520025F5C7 /* Build configuration list for PBXNativeTarget "SweetRestExampleTests" */ = {
			isa = XCConfigurationList;
			buildConfigurations = (
				D282EB501AB0DD520025F5C7 /* Debug */,
				D282EB511AB0DD520025F5C7 /* Release */,
			);
			defaultConfigurationIsVisible = 0;
			defaultConfigurationName = Release;
		};
/* End XCConfigurationList section */
	};
	rootObject = D282EB211AB0DD510025F5C7 /* Project object */;
}
